
Microsoft Visual Studio Solution File, Format Version 12.00
# Visual Studio Version 17
VisualStudioVersion = 17.2.32602.215
MinimumVisualStudioVersion = 10.0.40219.1
Project("{9A19103F-16F7-4668-BE54-9A1E7A4F7556}") = "ServerYGO", "ServerYGO.csproj", "{52A7AE15-672E-4BD4-B8BB-07AEEF157C94}"
EndProject
Project("{FAE04EC0-301F-11D3-BF4B-00C04F79EFBC}") = "ServerYGO.NUnit", "..\ServerYGO.NUnit\ServerYGO.NUnit.csproj", "{C020CC35-CC5F-47BB-8521-DE1A56785A60}"
EndProject
Global
	GlobalSection(SolutionConfigurationPlatforms) = preSolution
		Debug|Any CPU = Debug|Any CPU
		Release|Any CPU = Release|Any CPU
	EndGlobalSection
	GlobalSection(ProjectConfigurationPlatforms) = postSolution
		{52A7AE15-672E-4BD4-B8BB-07AEEF157C94}.Debug|Any CPU.ActiveCfg = Debug|Any CPU
		{52A7AE15-672E-4BD4-B8BB-07AEEF157C94}.Debug|Any CPU.Build.0 = Debug|Any CPU
		{52A7AE15-672E-4BD4-B8BB-07AEEF157C94}.Release|Any CPU.ActiveCfg = Release|Any CPU
		{52A7AE15-672E-4BD4-B8BB-07AEEF157C94}.Release|Any CPU.Build.0 = Release|Any CPU
		{C020CC35-CC5F-47BB-8521-DE1A56785A60}.Debug|Any CPU.ActiveCfg = Debug|Any CPU
		{C020CC35-CC5F-47BB-8521-DE1A56785A60}.Debug|Any CPU.Build.0 = Debug|Any CPU
		{C020CC35-CC5F-47BB-8521-DE1A56785A60}.Release|Any CPU.ActiveCfg = Release|Any CPU
		{C020CC35-CC5F-47BB-8521-DE1A56785A60}.Release|Any CPU.Build.0 = Release|Any CPU
	EndGlobalSection
	GlobalSection(SolutionProperties) = preSolution
		HideSolutionNode = FALSE
	EndGlobalSection
	GlobalSection(ExtensibilityGlobals) = postSolution
		SolutionGuid = {85EF0750-6C61-45D7-9910-C54703302249}
	EndGlobalSection
EndGlobal
